{
    "_meta": {
        "hash": {
            "sha256": "e6eb9af888a43dd57a8d766acfc9b631610cb7d3a28f51eeb946f582e308c856"
        },
        "pipfile-spec": 6,
        "requires": {
            "python_version": "3.6"
        },
        "sources": [
            {
                "name": "pypi",
                "url": "https://pypi.org/simple",
                "verify_ssl": true
            }
        ]
    },
    "default": {
        "calmsize": {
            "hashes": [
                "sha256:0963053e57da4cfab36163e450135bcde96805214b3272f2604cacfbc7ea62f4",
                "sha256:e1f1233228ae6b7fafc8c23e52129c7ca58fee6bcf7875ae152eee5123ba122d"
            ],
            "index": "pypi",
            "version": "==0.1.3"
        }
    },
    "develop": {}
}
